{
  "name": "day-trading-tracker",
  "version": "0.0.0",
  "lockfileVersion": 3,
  "requires": true,
  "packages": {
    "": {
      "name": "day-trading-tracker",
      "version": "0.0.0",
      "dependencies": {
        "react": "^18.2.0",
        "react-dom": "^18.2.0"
      },
      "devDependencies": {
        "@types/react": "^18.2.43",
        "@types/react-dom": "^18.2.17",
        "@vitejs/plugin-react": "^4.2.1",
        "gh-pages": "^6.1.1",
        "typescript": "^5.2.2",
        "vite": "^5.0.8"
      }
    },
    "node_modules/@babel/core": {
      "version": "7.24.7",
      "resolved": "https://registry.npmjs.org/@babel/core/-/core-7.24.7.tgz",
      "integrity": "sha512-Rz9gq5Yl3W5G8TFx8iB2FjQ4A/vPV/23qgq+wMhV2Gv28GfKa0sCvmYgsaCNOh+J+q2z+kADJz6WK49sXA9QZA==",
      "dev": true,
      "dependencies": {
        "@babel/helper-compilation-targets": "^7.24.7",
        "@babel/helper-module-transforms": "^7.24.7",
        "@babel/helpers": "^7.24.7",
        "@babel/parser": "^7.24.7",
        "@babel/template": "^7.24.7",
        "@babel/traverse": "^7.24.7",
        "@babel/types": "^7.24.7",
        "convert-source-map": "^2.0.0",
        "debug": "^4.1.0",
        "gensync": "^1.0.0-beta.2",
        "json5": "^2.2.3",
        "semver": "^6.3.1"
      },
      "engines": {
        "node": ">=6.9.0"
      },
      "funding": {
        "type": "opencollective",
        "url": "https://opencollective.com/babel"
      }
    },
    "node_modules/@babel/helper-compilation-targets": {
      "version": "7.24.7",
      "resolved": "https://registry.npmjs.org/@babel/helper-compilation-targets/-/helper-compilation-targets-7.24.7.tgz",
      "integrity": "sha512-i0G0fV5KPg9QpPAfJdgf41f71k1bSj905hGg6/qNagL8D4mBAnD2/L+Sj4yZcOoUHbEp/3l32yex23hEXS0/lw==",
      "dev": true,
      "dependencies": {
        "@babel/compat-data": "^7.24.7",
        "@babel/helper-validator-option": "^7.24.7",
        "browserslist": "^4.23.0",
        "semver": "^6.3.1"
      },
      "engines": {
        "node": ">=6.9.0"
      },
      "peerDependencies": {
        "@babel/core": "^7.0.0"
      }
    },
    "node_modules/@babel/helper-environment-visitor": {
      "version": "7.22.20",
      "resolved": "https://registry.npmjs.org/@babel/helper-environment-visitor/-/helper-environment-visitor-7.22.20.tgz",
      "integrity": "sha512-zfed1mEaF0aB5/aBHf6mVLharz5i3l9M2m9p9s628pIP2TdClPNOwmhK3bT2m8M+3Z1YF61/YHjMUoX/u8P2gA==",
      "dev": true,
      "peerDependencies": {
        "@babel/core": "^7.0.0"
      }
    },
    "node_modules/@babel/helper-function-name": {
      "version": "7.24.7",
      "resolved": "https://registry.npmjs.org/@babel/helper-function-name/-/helper-function-name-7.24.7.tgz",
      "integrity": "sha512-9M5TS8iL2gB9KzL/X2+b00sRk3NGsKI/Dxd0qtj4jMNCy3Fj1X/f0/s4a5GkC/3rMFAgUo2XW5h+P/lJj43L5w==",
      "dev": true,
      "dependencies": {
        "@babel/template": "^7.24.7",
        "@babel/types": "^7.24.7"
      },
      "engines": {
        "node": ">=6.9.0"
      },
      "peerDependencies": {
        "@babel/core": "^7.0.0"
      }
    },
    "node_modules/@babel/helper-hoist-variables": {
      "version": "7.22.5",
      "resolved": "https://registry.npmjs.org/@babel/helper-hoist-variables/-/helper-hoist-variables-7.22.5.tgz",
      "integrity": "sha512-wGjk9QZVzvknA6y22iB+I1k64KO21NK2mJ52yN8a+njff6yDGUoHWN2Wp12F2wdyk/5ltGM7i1y2mgxS42qgdQ==",
      "dev": true,
      "dependencies": {
        "@babel/types": "^7.22.5"
      },
      "engines": {
        "node": ">=6.9.0"
      },
      "peerDependencies": {
        "@babel/core": "^7.0.0"
      }
    },
    "node_modules/@babel/helper-module-imports": {
      "version": "7.24.7",
      "resolved": "https://registry.npmjs.org/@babel/helper-module-imports/-/helper-module-imports-7.24.7.tgz",
      "integrity": "sha512-DrHi3UaKwqSg1z0fM5vsvTKEy8Gn/Ytc0s2uSna7KIO3jXpL9wWvEH2s5p2IqFJ/zY2dg6L0jPahf1f1hCg4kQ==",
      "dev": true,
      "dependencies": {
        "@babel/types": "^7.24.7"
      },
      "engines": {
        "node": ">=6.9.0"
      },
      "peerDependencies": {
        "@babel/core": "^7.0.0"
      }
    },
    "node_modules/@babel/helper-module-transforms": {
      "version": "7.24.7",
      "resolved": "https://registry.npmjs.org/@babel/helper-module-transforms/-/helper-module-transforms-7.24.7.tgz",
      "integrity": "sha512-wEaE7kR0sLdY/oW+d+nN/pS4eG5yZp7QcZ/fEmmA5wZ/d1S04Sqa2DEX5F1L1R7rISsC1qQ6yqT4QjK/H8QDA==",
      "dev": true,
      "dependencies": {
        "@babel/helper-environment-visitor": "^7.22.20",
        "@babel/helper-module-imports": "^7.24.7",
        "@babel/helper-simple-access": "^7.24.7",
        "@babel/helper-split-export-declaration": "^7.24.7",
        "@babel/helper-validator-identifier": "^7.24.7",
        "@babel/traverse": "^7.24.7",
        "@babel/types": "^7.24.7"
      },
      "engines": {
        "node": ">=6.9.0"
      },
      "peerDependencies": {
        "@babel/core": "^7.0.0"
      }
    },
    "node_modules/@babel/helper-simple-access": {
      "version": "7.24.7",
      "resolved": "https://registry.npmjs.org/@babel/helper-simple-access/-/helper-simple-access-7.24.7.tgz",
      "integrity": "sha512-Y1jC5g7Fh+fMyA4uunhB0eHMuS+hJ9H2aPTC3pD0cpS3b6JgA/vxf7IuBdg037y5i21/I/v4Z+MRK4zT/2E2QA==",
      "dev": true,
      "dependencies": {
        "@babel/types": "^7.24.7"
      },
      "engines": {
        "node": ">=6.9.0"
      },
      "peerDependencies": {
        "@babel/core": "^7.0.0"
      }
    },
    "node_modules/@babel/helper-split-export-declaration": {
      "version": "7.24.7",
      "resolved": "https://registry.npmjs.org/@babel/helper-split-export-declaration/-/helper-split-export-declaration-7.24.7.tgz",
      "integrity": "sha512-Xh/yMmvKzU/y8fE9sB/y/m+AEbJ0V+s5lT2m/b+PevH5F1/+if++4CPzYx2b2g4aY1T5T03tXwN6/O/EDl4MCA==",
      "dev": true,
      "dependencies": {
        "@babel/types": "^7.24.7"
      },
      "engines": {
        "node": ">=6.9.0"
      },
      "peerDependencies": {
        "@babel/core": "^7.0.0"
      }
    },
    "node_modules/@babel/helper-string-parser": {
      "version": "7.24.7",
      "resolved": "https://registry.npmjs.org/@babel/helper-string-parser/-/helper-string-parser-7.24.7.tgz",
      "integrity": "sha512-xLvlBMyyQ32PIdkWAaMgUh5tdSy23z/slAyP2Q/D3uQ2y/38+k5j/T11sWbPMy2t/6PjF76kNi1bNsoW3wI6AA==",
      "dev": true,
      "engines": {
        "node": ">=6.9.0"
      }
    },
    "node_modules/@babel/helper-validator-identifier": {
      "version": "7.24.7",
      "resolved": "https://registry.npmjs.org/@babel/helper-validator-identifier/-/helper-validator-identifier-7.24.7.tgz",
      "integrity": "sha512-3q9gim6xLp4jT7s5lT4ePsf2bLPa3Djx1Uf2x+hKgk2/y5r/p2JYY1j99xJ58C5OMLwe855A54e2GFm2O+a+jg==",
      "dev": true,
      "engines": {
        "node": ">=6.9.0"
      }
    },
    "node_modules/@babel/helper-validator-option": {
      "version": "7.24.7",
      "resolved": "https://registry.npmjs.org/@babel/helper-validator-option/-/helper-validator-option-7.24.7.tgz",
      "integrity": "sha512-l9pKUzGZqQV0o2S6/b8tL356K7IyA0BBR5c7PnH2G0Jz45Gss7m6Iia/rYyC5oJkCslxI/c8w+g04yQm3x9bHw==",
      "dev": true,
      "engines": {
        "node": ">=6.9.0"
      }
    },
    "node_modules/@babel/helpers": {
      "version": "7.24.7",
      "resolved": "https://registry.npmjs.org/@babel/helpers/-/helpers-7.24.7.tgz",
      "integrity": "sha512-0I52P12mpNyzEvxo85s2m8A24I2fJq4kE8o+bJ/MyA06+KkQ4GnJp/W8Tf9Eprn3V5zCmMb2bylpW2XbWvA/dw==",
      "dev": true,
      "dependencies": {
        "@babel/template": "^7.24.7",
        "@babel/traverse": "^7.24.7",
        "@babel/types": "^7.24.7"
      },
      "engines": {
        "node": ">=6.9.0"
      }
    },
    "node_modules/@babel/parser": {
      "version": "7.24.7",
      "resolved": "https://registry.npmjs.org/@babel/parser/-/parser-7.24.7.tgz",
      "integrity": "sha512-2YqO/P1pS6DUbRd13WKyF/nLZl/iQzY2d7wXwV/v213hXgZ4wA+nFdyhZK9O6sT+BtfT8Fv9+X7m/T/+r26Vaw==",
      "dev": true,
      "bin": {
        "parser": "bin/babel-parser.js"
      },
      "engines": {
        "node": ">=6.0.0"
      }
    },
    "node_modules/@babel/template": {
      "version": "7.24.7",
      "resolved": "https://registry.npmjs.org/@babel/template/-/template-7.24.7.tgz",
      "integrity": "sha512-yG4OunRx1xVj1+MWc3xp5U+N6p1VIog+Y7mCIdRn22k04E+V/6A/K4G1YmI5x0aW/SgT/Yy9hMkhGv05iVLIaA==",
      "dev": true,
      "dependencies": {
        "@babel/code-frame": "^7.24.7",
        "@babel/parser": "^7.24.7",
        "@babel/types": "^7.24.7"
      },
      "engines": {
        "node": ">=6.9.0"
      }
    },
    "node_modules/@babel/traverse": {
      "version": "7.24.7",
      "resolved": "https://registry.npmjs.org/@babel/traverse/-/traverse-7.24.7.tgz",
      "integrity": "sha512-wX/f7gUUt3wTzF7T3mNvsDk2Prcsi2aHq+nARb03Y7pWOU+p2L6Qh1T8vFq2y3KS/KdpCRrs2+2qG2NqL+Bv+A==",
      "dev": true,
      "dependencies": {
        "@babel/code-frame": "^7.24.7",
        "@babel/generator": "^7.24.7",
        "@babel/helper-environment-visitor": "^7.22.20",
        "@babel/helper-function-name": "^7.24.7",
        "@babel/helper-hoist-variables": "^7.22.5",
        "@babel/helper-split-export-declaration": "^7.24.7",
        "@babel/parser": "^7.24.7",
        "@babel/types": "^7.24.7",
        "debug": "^4.1.0",
        "globals": "^11.1.0"
      },
      "engines": {
        "node": ">=6.9.0"
      }
    },
    "node_modules/@babel/types": {
      "version": "7.24.7",
      "resolved": "https://registry.npmjs.org/@babel/types/-/types-7.24.7.tgz",
      "integrity": "sha512-wK4cSmEyKwd2Jd/OQTqO4I//a2K6j22k8d12E9Da4Dxz/QZ/3wzFg2s9aZcUn874d1yAdbwR6d0Q22gKx3x21w==",
      "dev": true,
      "dependencies": {
        "@babel/helper-string-parser": "^7.24.7",
        "@babel/helper-validator-identifier": "^7.24.7",
        "to-fast-properties": "^2.0.0"
      },
      "engines": {
        "node": ">=6.9.0"
      }
    },
    "node_modules/@jridgewell/sourcemap-codec": {
      "version": "1.4.15",
      "resolved": "https://registry.npmjs.org/@jridgewell/sourcemap-codec/-/sourcemap-codec-1.4.15.tgz",
      "integrity": "sha512-eF2rxCRulEKXHTRiDrDy6erMYDqNw4LP1kTpCcGvcL+tE+hMXS5NVdRRYvEeUTzd2vpGAgCzU9fAAMmb6ca7mA==",
      "dev": true
    },
    "node_modules/@types/prop-types": {
      "version": "15.7.12",
      "resolved": "https://registry.npmjs.org/@types/prop-types/-/prop-types-15.7.12.tgz",
      "integrity": "sha512-5zvhXYS3icfXQSFEIqpOEguCNqo3IeSVC3fX3+Nw5y+bTJCX8Ok/52gg0JJtuo2D30fC9/5/5l3dg2g/3a2WcQ==",
      "dev": true
    },
    "node_modules/@types/react": {
      "version": "18.3.3",
      "resolved": "https://registry.npmjs.org/@types/react/-/react-18.3.3.tgz",
      "integrity": "sha512-hti/R0pS0q1/xx+TsI73S6S4AnAbv/j0+/o5k2vV+CKv2xYedz+L1iV5jUqq53K8bT0g1F6M+Q2D4Y+uHqYJPA==",
      "dev": true,
      "dependencies": {
        "@types/prop-types": "*",
        "csstype": "^3.0.2"
      }
    },
    "node_modules/@types/react-dom": {
      "version": "18.3.0",
      "resolved": "https://registry.npmjs.org/@types/react-dom/-/react-dom-18.3.0.tgz",
      "integrity": "sha512-hpTMnBQXEgD/WvQ8k5Twrkl078iOBmE3VsaxTFT1z3L2/TuQ9X2MVUaJp5zjwkY/F9k2KvB21vj3y4Q4eQj1sg==",
      "dev": true,
      "dependencies": {
        "@types/react": "*"
      }
    },
    "node_modules/@vitejs/plugin-react": {
      "version": "4.3.1",
      "resolved": "https://registry.npmjs.org/@vitejs/plugin-react/-/plugin-react-4.3.1.tgz",
      "integrity": "sha512-kGvOEgV7378jO72Q5d1e4uaqAYf/c28b/GgPDzPtpqd+bDjO08RcwJbUVvO6G8dG/2/23r24E2q3iFpf/8K71A==",
      "dev": true,
      "dependencies": {
        "@babel/core": "^7.22.9",
        "@babel/parser": "^7.22.7",
        "@babel/types": "^7.22.5",
        "babel-plugin-react-compiler": "0.0.0-experimental-530991d-20240604",
        "estree-walker": "^2.0.2",
        "magic-string": "^0.30.5"
      },
      "engines": {
        "node": ">=18.0.0"
      },
      "peerDependencies": {
        "vite": ">=5.1.0"
      }
    },
    "node_modules/babel-plugin-react-compiler": {
      "version": "0.0.0-experimental-530991d-20240604",
      "resolved": "https://registry.npmjs.org/babel-plugin-react-compiler/-/babel-plugin-react-compiler-0.0.0-experimental-530991d-20240604.tgz",
      "integrity": "sha512-m3q3iW8GbrK20b3wH2/H7A/fVb/34766N4mQ90t4Qf4D1zW/49d0Jv2oQG6q+uL0Hk2t9bYqB6Y5w==",
      "dev": true,
      "dependencies": {
        "babel-plugin-syntax-jsx": "^6.18.0"
      }
    },
    "node_modules/babel-plugin-syntax-jsx": {
      "version": "6.18.0",
      "resolved": "https://registry.npmjs.org/babel-plugin-syntax-jsx/-/babel-plugin-syntax-jsx-6.18.0.tgz",
      "integrity": "sha512-h0UXiG5a33sA2v4kUv2fSTpCE/jXk2s4/j5s47o7/V3vL0f3BJkO7/wMEqA/Y/Fq2/I15kLbv/MPt4C2gA==",
      "dev": true
    },
    "node_modules/browserslist": {
      "version": "4.23.1",
      "resolved": "https://registry.npmjs.org/browserslist/-/browserslist-4.23.1.tgz",
      "integrity": "sha512-c2e2GUD28yQGm4+oQ7G8zV2Y1jTctUv5bHk7hP2hoGv5PZGFQ73PAxM22G2F8hdx83hB9hY2l8v9qjYX2JIFcw==",
      "dev": true,
      "funding": [
        {
          "type": "opencollective",
          "url": "https://opencollective.com/browserslist"
        },
        {
          "type": "tidelift",
          "url": "https://tidelift.com/funding/github/npm/browserslist"
        },
        {
          "type": "github",
          "url": "https://github.com/sponsors/ai"
        }
      ],
      "dependencies": {
        "caniuse-lite": "^1.0.30001641",
        "electron-to-chromium": "^1.4.856",
        "node-releases": "^2.0.14",
        "update-browserslist-db": "^1.0.16"
      },
      "bin": {
        "browserslist": "cli.js"
      },
      "engines": {
        "node": "^12 || ^14 || >=16"
      }
    },
    "node_modules/caniuse-lite": {
      "version": "1.0.30001641",
      "resolved": "https://registry.npmjs.org/caniuse-lite/-/caniuse-lite-1.0.30001641.tgz",
      "integrity": "sha512-W6V5/pPAZ2YwEKJm/1wWn/tAl4J8qBksK/R+eB+4Bv/5C4bdI/gM5lY0gZ3UaB3pS0U/eMnb3YwB/l2s+QZ1Q==",
      "dev": true,
      "funding": [
        {
          "type": "opencollective",
          "url": "https://opencollective.com/browserslist"
        },
        {
          "type": "tidelift",
          "url": "https://tidelift.com/funding/github/npm/caniuse-lite"
        }
      ]
    },
    "node_modules/commander": {
      "version": "11.1.0",
      "resolved": "https://registry.npmjs.org/commander/-/commander-11.1.0.tgz",
      "integrity": "sha512-yPVavfyCcRhmorC7rWlkHn15b4wSgbSjwf/EhxNEOhk4dJumHlGYu/9S6H9Y+QIxG1kK85Y9Rrq2PcN2LflH4g==",
      "dev": true,
      "engines": {
        "node": ">=16"
      }
    },
    "node_modules/convert-source-map": {
      "version": "2.0.0",
      "resolved": "https://registry.npmjs.org/convert-source-map/-/convert-source-map-2.0.0.tgz",
      "integrity": "sha512-KvpK2W2Q8p0d6o69aTPxFndd1td5vc0Izlt/6Vj/B5Wp/d/S/3jaTf6v6/w9yv/Lw2T/eTf1vT4QDOni9oHwA==",
      "dev": true
    },
    "node_modules/csstype": {
      "version": "3.1.3",
      "resolved": "https://registry.npmjs.org/csstype/-/csstype-3.1.3.tgz",
      "integrity": "sha512-M1uQkMl8rQK/szD0LNhtcwDiFAR9aK6p35+arE7pfz3GarcEsm4iDeAdBCtkO6H1SgCuYtsLyHV+yBci2L+2sA==",
      "dev": true
    },
    "node_modules/debug": {
      "version": "4.3.5",
      "resolved": "https://registry.npmjs.org/debug/-/debug-4.3.5.tgz",
      "integrity": "sha512-D22yo2cpK/S2+A/u2h/pZ22DSJNU0X9TF/2Ax/3s3+jQXs0k42cAFZ0IrtfbaNYp9cEe2Q/g2Lk/pD/xL5xtuA==",
      "dev": true,
      "dependencies": {
        "ms": "2.1.2"
      },
      "engines": {
        "node": ">=6.0"
      },
      "peerDependenciesMeta": {
        "supports-color": {
          "optional": true
        }
      }
    },
    "node_modules/electron-to-chromium": {
      "version": "1.4.856",
      "resolved": "https://registry.npmjs.org/electron-to-chromium/-/electron-to-chromium-1.4.856.tgz",
      "integrity": "sha512-jDk9XAcRwe1XW1bT5w2tM7m/p2cM3fG9h+uE1kO0L3wzQfK6x1jWVEs0Z1oQ2255r5KN4q2bJz1l3A==",
      "dev": true
    },
    "node_modules/es-module-lexer": {
      "version": "1.5.2",
      "resolved": "https://registry.npmjs.org/es-module-lexer/-/es-module-lexer-1.5.2.tgz",
      "integrity": "sha512-dIQUZLJG1L24x7QIBU0L3mK4aTcF+iT+v/2g2Sla3ksEBW+kKmx/LSUcW54vTZnqmK5Q9211zLwKbBAb+WdwoQ==",
      "dev": true
    },
    "node_modules/estree-walker": {
      "version": "2.0.2",
      "resolved": "https://registry.npmjs.org/estree-walker/-/estree-walker-2.0.2.tgz",
      "integrity": "sha512-RfQo382gT34gUjMtVUKdCjPCWX/SQ2Ae2vyw62t3eT34QO03ZwPl3oZf1L2e3QPVmN1rRAeQ1z135gIZi13g5g==",
      "dev": true
    },
    "node_modules/fsevents": {
      "version": "2.3.3",
      "resolved": "https://registry.npmjs.org/fsevents/-/fsevents-2.3.3.tgz",
      "integrity": "sha512-5rrqanwRTSOK2OO+FQsffb0gFjBfJ06dVIkIIgdwGiu2U1kYmchA1imQSAy+S3lWfnUkkbwq72w+TL3K46112w==",
      "dev": true,
      "hasInstallScript": true,
      "optional": true,
      "os": [
        "darwin"
      ],
      "engines": {
        "node": "^8.16.0 || ^10.6.0 || >=11.0.0"
      }
    },
    "node_modules/gensync": {
      "version": "1.0.0-beta.2",
      "resolved": "https://registry.npmjs.org/gensync/-/gensync-1.0.0-beta.2.tgz",
      "integrity": "sha512-3hN7N9bfg7N3LSyAReyON0PAeGaslW4b6e5iTHr6T1WrV5Ay133iA+vW2wP1i04DDA1C+3L403b1JGmSD2wHQ==",
      "dev": true,
      "engines": {
        "node": ">=6.9.0"
      }
    },
    "node_modules/gh-pages": {
      "version": "6.1.1",
      "resolved": "https://registry.npmjs.org/gh-pages/-/gh-pages-6.1.1.tgz",
      "integrity": "sha512-JGZ2w6hmLp54FPN2g5TJYKkMo/72nHF+ZvL6M2w3RhP5R/5Wmy0X7lIseWdKx0c0kdvN45I/cg5A92t+yU/A3A==",
      "dev": true,
      "dependencies": {
        "commander": "^11.1.0"
      },
      "bin": {
        "gh-pages": "bin/gh-pages.js"
      },
      "engines": {
        "node": ">=18.0.0"
      }
    },
    "node_modules/globals": {
      "version": "11.12.0",
      "resolved": "https://registry.npmjs.org/globals/-/globals-11.12.0.tgz",
      "integrity": "sha512-WOBp/EEGUiIsJSp7wcv/y6CTONziUIgFCKjvOJLoAaflIo4Ee unuspnYhc+yNNe3F0JHTSNzhOKDRx2xXaKxSow==",
      "dev": true,
      "engines": {
        "node": ">=4"
      }
    },
    "node_modules/js-tokens": {
      "version": "4.0.0",
      "resolved": "https://registry.npmjs.org/js-tokens/-/js-tokens-4.0.0.tgz",
      "integrity": "sha512-RdJUflcE3cUzKiMqQgsCu06FPu9UdIJO0beYbPhHN4k6apgJtifcoCtT9bcxOpYBtpD2kCM6Sbzg4CausW/PKQ=="
    },
    "node_modules/json5": {
      "version": "2.2.3",
      "resolved": "https://registry.npmjs.org/json5/-/json5-2.2.3.tgz",
      "integrity": "sha512-XmOWe7eySirHmLh52fe3fliOXe7SqbWyqcjoFabv7G9my2e8w8MunL4WAVoTViTmIg24EcSqPCe0H0NwS2E36Q==",
      "dev": true,
      "bin": {
        "json5": "lib/cli.js"
      },
      "engines": {
        "node": ">=6"
      }
    },
    "node_modules/loose-envify": {
      "version": "1.4.0",
      "resolved": "https://registry.npmjs.org/loose-envify/-/loose-envify-1.4.0.tgz",
      "integrity": "sha512-lyuxPGr/Wfhrlem2CL/UcnUc1zcqKAImBDzukY7Y5F/yQiNdko6+fRLevlw1HgMySw7f611UIY408EtxRSoK3Q==",
      "dependencies": {
        "js-tokens": "^3.0.0 || ^4.0.0"
      },
      "bin": {
        "loose-envify": "cli.js"
      }
    },
    "node_modules/magic-string": {
      "version": "0.30.10",
      "resolved": "https://registry.npmjs.org/magic-string/-/magic-string-0.30.10.tgz",
      "integrity": "sha512-Y12L+V+u202eN5Iq/1J6iAft9rURE509Ury1dGUpEYd5b3z8bOQUo8/Vp43bK+o2x5WKV+A7i/wsO0sMxdS/wA==",
      "dev": true,
      "dependencies": {
        "@jridgewell/sourcemap-codec": "^1.4.15"
      },
      "engines": {
        "node": ">=16"
      }
    },
    "node_modules/ms": {
      "version": "2.1.2",
      "resolved": "https://registry.npmjs.org/ms/-/ms-2.1.2.tgz",
      "integrity": "sha512-sGkPx+VjMtmA6MX27oA4FBFELFCZZ4S4XqeGOXCv68tT+Anm2dx8bq0cAPathvcbjsSMaEa4NEqfsCma6a2UoA==",
      "dev": true
    },
    "node_modules/nanoid": {
      "version": "3.3.7",
      "resolved": "https://registry.npmjs.org/nanoid/-/nanoid-3.3.7.tgz",
      "integrity": "sha512-ESP3bLGK1s2VL2u+1338yZ3iIAcCILNAYM+3l3g1pPUrKLNAN6DA32w2usHFhItgri9G1Ud3EaVDDPOZ2vRaQg==",
      "dev": true,
      "bin": {
        "nanoid": "bin/nanoid.js"
      },
      "engines": {
        "node": "^10 || ^12 || ^13.7 || ^14 || >=15.0.1"
      }
    },
    "node_modules/node-releases": {
      "version": "2.0.14",
      "resolved": "https://registry.npmjs.org/node-releases/-/node-releases-2.0.14.tgz",
      "integrity": "sha512-yJ6YUr6c9GgjpBwB+stxCJdtRAwsd51S1W5QjS3f4h9CUo7fBGpnkIMbIuRkTwVwJ2iZ9GKk8uawQW2zO/yHDA==",
      "dev": true
    },
    "node_modules/picocolors": {
      "version": "1.0.1",
      "resolved": "https://registry.npmjs.org/picocolors/-/picocolors-1.0.1.tgz",
      "integrity": "sha512-anKz9kKVV8ACML62Eue1vUVEiA2L2/EXa5KqK639C+o2i4o2I+r9nO9FGIFUMsVn0Zq5Bjoz0f5E/k1I6p31PA==",
      "dev": true
    },
    "node_modules/postcss": {
      "version": "8.4.38",
      "resolved": "https://registry.npmjs.org/postcss/-/postcss-8.4.38.tgz",
      "integrity": "sha512-W+mI8FC67yv7+VLV753z4qa4fl5P+K5b222IqG2/4MR325s74uV3gAb3+F4f/e1isw2fS6sF8Kk/x4bL+wApMA==",
      "dev": true,
      "dependencies": {
        "nanoid": "^3.3.7",
        "picocolors": "^1.0.0",
        "source-map-js": "^1.2.0"
      },
      "engines": {
        "node": "^12.0 || ^14.0 || >=16.0"
      },
      "funding": {
        "type": "opencollective",
        "url": "https://opencollective.com/postcss/"
      }
    },
    "node_modules/react": {
      "version": "18.2.0",
      "resolved": "https://registry.npmjs.org/react/-/react-18.2.0.tgz",
      "integrity": "sha512-/3IjMdbBCA51B/zYce54rAEf2YzZ3VBZEGD1ZOlmBCv1uDkC/AlNqmHpd/yQOCdjpkPg2TR1d4bOtc1IeLcLSA==",
      "dependencies": {
        "loose-envify": "^1.1.0"
      },
      "engines": {
        "node": ">=0.10.0"
      }
    },
    "node_modules/react-dom": {
      "version": "18.2.0",
      "resolved": "https://registry.npmjs.org/react-dom/-/react-dom-18.2.0.tgz",
      "integrity": "sha512-6IMs9dvthGj+LPUIWf1H+I7bMcAo3Kza BOWkkkgX03o91z3/u/j3t6pT3iHeKpxE5kOdL1W10r/ClUrL0QW10w==",
      "dependencies": {
        "loose-envify": "^1.1.0",
        "scheduler": "^0.23.0"
      },
      "peerDependencies": {
        "react": "^18.2.0"
      }
    },
    "node_modules/resolve.exports": {
      "version": "2.0.2",
      "resolved": "https://registry.npmjs.org/resolve.exports/-/resolve.exports-2.0.2.tgz",
      "integrity": "sha512-Y11m045NA2F4L+jZuO3m4g7F77aD0v3f3W5vcy2KSKzJstb5jLk8IPh813v5KnQOOvLUTR7/EjGzY4vC5d3K8Q==",
      "dev": true,
      "engines": {
        "node": ">=10"
      },
      "funding": {
        "url": "https://github.com/sponsors/lukeed"
      }
    },
    "node_modules/rollup": {
      "version": "4.18.0",
      "resolved": "https://registry.npmjs.org/rollup/-/rollup-4.18.0.tgz",
      "integrity": "sha512-S9VfVd2EVSm+34fC9R28Y2fV0rQnPLgXb6q22aWOHPCjNnE8mB9kIztE7px0x/Jj4A4+7b3bVj+TzaZTRJtF/A==",
      "dev": true,
      "bin": {
        "rollup": "dist/bin/rollup"
      },
      "engines": {
        "node": ">=18.0.0",
        "npm": ">=8.0.0"
      },
      "optionalDependencies": {
        "fsevents": "~2.3.3"
      }
    },
    "node_modules/scheduler": {
      "version": "0.23.2",
      "resolved": "https://registry.npmjs.org/scheduler/-/scheduler-0.23.2.tgz",
      "integrity": "sha512-EaCx2Sy3hL3C3i/02P2EZ/C+K1X99T+C25z5e1a/2k4yADwS/dNe/3wJZSDdK2/02W8SA3f1/43hE33AYEaCTA==",
      "dependencies": {
        "loose-envify": "^1.1.0"
      }
    },
    "node_modules/semver": {
      "version": "6.3.1",
      "resolved": "https://registry.npmjs.org/semver/-/semver-6.3.1.tgz",
      "integrity": "sha512-BR7VvDCVHO+q2xBEWskxS6DJE1qRnb81k+LOKhOMTTv40w5AwdUTu36tyeM2ad0TJBuCo1gD6cG/sbA99vN9fQ==",
      "dev": true,
      "bin": {
        "semver": "bin/semver.js"
      }
    },
    "node_modules/source-map-js": {
      "version": "1.2.0",
      "resolved": "https://registry.npmjs.org/source-map-js/-/source-map-js-1.2.0.tgz",
      "integrity": "sha512-itJW8lvSA0imCmpekQ02GvM1TAVgI5cOF9s4l2iQ2xP0M4h2o+P2wTStk0e/Ahz+s2k6gGk/5Q/2gqS4sW5gA==",
      "dev": true,
      "engines": {
        "node": ">=0.10.0"
      }
    },
    "node_modules/to-fast-properties": {
      "version": "2.0.0",
      "resolved": "https://registry.npmjs.org/to-fast-properties/-/to-fast-properties-2.0.0.tgz",
      "integrity": "sha512-adqgNKBUT29I0L55uA2T3AbA3L/S2WogG2G3vPaH1wELKCk5iS47vNeXCa+e0b04r5/2gC2Luf2A/lX+5aMv8Q==",
      "dev": true,
      "engines": {
        "node": ">=4"
      }
    },
    "node_modules/typescript": {
      "version": "5.5.2",
      "resolved": "https://registry.npmjs.org/typescript/-/typescript-5.5.2.tgz",
      "integrity": "sha512-NcRtPEOsP7dAjr9R0U2QimzB6+gRhQs044a7VBvPUC/tdo3vuvQd/ICIuJijpIoslPTcFJd3zEBdFLc+tP2bCg==",
      "dev": true,
      "bin": {
        "tsc": "bin/tsc",
        "tsserver": "bin/tsserver"
      },
      "engines": {
        "node": ">=14.17"
      }
    },
    "node_modules/update-browserslist-db": {
      "version": "1.0.16",
      "resolved": "https://registry.npmjs.org/update-browserslist-db/-/update-browserslist-db-1.0.16.tgz",
      "integrity": "sha512-1X9I/n2A2r2aW+Zv92e2u+5Hk/TjHw814C1F25f2K/tdaIL+2W/2SXB8/s5lH1Wc0aYyW2iWv+5QjA9AJA==",
      "dev": true,
      "funding": [
        {
          "type": "opencollective",
          "url": "https://opencollective.com/browserslist"
        },
        {
          "type": "tidelift",
          "url": "https://tidelift.com/funding/github/npm/caniuse-lite"
        }
      ],
      "dependencies": {
        "picocolors": "^1.0.0"
      },
      "bin": {
        "update-browserslist-db": "cli.js"
      },
      "peerDependencies": {
        "browserslist": ">= 4.21.0"
      }
    },
    "node_modules/vite": {
      "version": "5.3.1",
      "resolved": "https://registry.npmjs.org/vite/-/vite-5.3.1.tgz",
      "integrity": "sha512-Y1wO0/h+vY/rE2bT+19dK3UfRPrwRFVkk0T82Gg3lxgCxZ0s3fT66vAQtKCm/dJp6K+fQxGYqT/Nn/kIYF+sGA==",
      "dev": true,
      "dependencies": {
        "es-module-lexer": "^1.5.2",
        "picocolors": "^1.0.1",
        "postcss": "^8.4.38",
        "resolve.exports": "^2.0.2",
        "rollup": "^4.18.0"
      },
      "bin": {
        "vite": "bin/vite.js"
      },
      "engines": {
        "node": "^18.0.0 || >=20.0.0"
      },
      "funding": {
        "url": "https://github.com/sponsors/yyx990803"
      },
      "optionalDependencies": {
        "fsevents": "~2.3.3"
      },
      "peerDependencies": {
        "@types/node": ">=18.0.0",
        "less": "*",
        "lightningcss": "^1.25.0",
        "sass": "*",
        "stylus": "*",
        "sugarss": "*",
        "terser": ">=5.29.1"
      },
      "peerDependenciesMeta": {
        "@types/node": {
          "optional": true
        },
        "less": {
          "optional": true
        },
        "lightningcss": {
          "optional": true
        },
        "sass": {
          "optional": true
        },
        "stylus": {
          "optional": true
        },
        "sugarss": {
          "optional": true
        },
        "terser": {
          "optional": true
        }
      }
    }
  }
}
