{
  "name": "day-trading-tracker",
  "version": "0.0.0",
  "lockfileVersion": 3,
  "requires": true,
  "packages": {
    "": {
      "name": "day-trading-tracker",
      "version": "0.0.0",
      "dependencies": {
        "react": "^18.2.0",
        "react-dom": "^18.2.0"
      },
      "devDependencies": {
        "@types/react": "^18.2.43",
        "@types/react-dom": "^18.2.17",
        "@vitejs/plugin-react": "^4.2.1",
        "gh-pages": "^6.1.1",
        "typescript": "^5.2.2",
        "vite": "^5.0.8"
      }
    },
    "node_modules/@babel/core": {
      "version": "7.23.6",
      "resolved": "https://registry.npmjs.org/@babel/core/-/core-7.23.6.tgz",
      "integrity": "sha512-Y3pP9m3lQ2nKZNPh0jwsTwmqjDw7y/9vL/P28vrGf347gCjLfrQ1yl14Pw8BrqYeWf/ff4S3aQmMbrLndx/D5Q==",
      "dev": true,
      "dependencies": {
        "@babel/helper-compilation-targets": "^7.23.6",
        "@babel/helper-module-transforms": "^7.23.3",
        "@babel/helpers": "^7.23.5",
        "@babel/parser": "^7.23.6",
        "@babel/template": "^7.22.5",
        "@babel/traverse": "^7.23.6",
        "@babel/types": "^7.23.6",
        "convert-source-map": "^2.0.0",
        "debug": "^4.1.0",
        "gensync": "^1.0.0-beta.2",
        "json5": "^2.2.3",
        "semver": "^6.3.1"
      },
      "engines": {
        "node": ">=6.9.0"
      },
      "funding": {
        "type": "opencollective",
        "url": "https://opencollective.com/babel"
      }
    },
    "node_modules/@babel/helper-compilation-targets": {
      "version": "7.23.6",
      "resolved": "https://registry.npmjs.org/@babel/helper-compilation-targets/-/helper-compilation-targets-7.23.6.tgz",
      "integrity": "sha512-3T4d2j4LDUYML4KM+Q2tRLAwMe2w3iQe7tr5s3j8tWsSg0i6AfaI2p4PSvb2tWP/kC7a23hv5nfrV4WbVbU1gA==",
      "dev": true,
      "dependencies": {
        "@babel/compat-data": "^7.23.5",
        "@babel/helper-validator-option": "^7.22.5",
        "browserslist": "^4.22.2",
        "semver": "^6.3.1"
      },
      "engines": {
        "node": ">=6.9.0"
      },
      "peerDependencies": {
        "@babel/core": "^7.0.0"
      }
    },
    "node_modules/@babel/helper-module-transforms": {
      "version": "7.23.3",
      "resolved": "https://registry.npmjs.org/@babel/helper-module-transforms/-/helper-module-transforms-7.23.3.tgz",
      "integrity": "sha512-Ua1j/Qy2QS/Q012yM2aYyQv52Gj3Lw3k9lC+t2dn1x0z2T42T/uV/7TjZpApoPUs/nOkS38yKk7u/BvHA==",
      "dev": true,
      "dependencies": {
        "@babel/helper-environment-visitor": "^7.22.20",
        "@babel/helper-module-imports": "^7.22.15",
        "@babel/helper-simple-access": "^7.22.5",
        "@babel/helper-split-export-declaration": "^7.22.6",
        "@babel/helper-validator-identifier": "^7.22.20",
        "@babel/traverse": "^7.23.3",
        "@babel/types": "^7.23.3"
      },
      "engines": {
        "node": ">=6.9.0"
      },
      "peerDependencies": {
        "@babel/core": "^7.0.0"
      }
    },
    "node_modules/@babel/helpers": {
      "version": "7.23.5",
      "resolved": "https://registry.npmjs.org/@babel/helpers/-/helpers-7.23.5.tgz",
      "integrity": "sha512-qdIsw5EfAEAnH3L/n7fX1uQpiThv6yN/i1WG229erpbk8c3lq+Zl/djs4PjPTDHzEICJ3fO3wJ/0x91pA38sYQ==",
      "dev": true,
      "dependencies": {
        "@babel/template": "^7.22.5",
        "@babel/traverse": "^7.23.5",
        "@babel/types": "^7.23.5"
      },
      "engines": {
        "node": ">=6.9.0"
      }
    },
    "node_modules/@types/prop-types": {
      "version": "15.7.12",
      "resolved": "https://registry.npmjs.org/@types/prop-types/-/prop-types-15.7.12.tgz",
      "integrity": "sha512-5zvhXYS3icfXQSFEIqpOEguCNqo3IeSVC3fX3+Nw5y+bTJCX8Ok/52gg0JJtuo2D30fC9/5/5l3dg2g/3a2WcQ==",
      "dev": true
    },
    "node_modules/@types/react": {
      "version": "18.2.46",
      "resolved": "https://registry.npmjs.org/@types/react/-/react-18.2.46.tgz",
      "integrity": "sha512-nLko+51J6kQ/eQ2J2jZf6eKzTlxemQz2CjSxDq0S9vx0XQOMg00jxqJpYE1Fsv+pBG0b66ylx2gVn0d47w+xxA==",
      "dev": true,
      "dependencies": {
        "@types/prop-types": "*",
        "csstype": "^3.0.2"
      }
    },
    "node_modules/@types/react-dom": {
      "version": "18.2.18",
      "resolved": "https://registry.npmjs.org/@types/react-dom/-/react-dom-18.2.18.tgz",
      "integrity": "sha512-Qh011S9Q1iiw5Mn92kHNhcsbXsC1zU/y52cKK3RRt2dK9+6cW0T/9WJ4e1uK9u5gs3vEMsI56O1fP4C7Q4F6Kw==",
      "dev": true,
      "dependencies": {
        "@types/react": "*"
      }
    },
    "node_modules/@vitejs/plugin-react": {
      "version": "4.2.1",
      "resolved": "https://registry.npmjs.org/@vitejs/plugin-react/-/plugin-react-4.2.1.tgz",
      "integrity": "sha512-K4pTOd2rwn3WZIu3Np7+6s3X59Id240Nd3t34/na2d9xROgJv6hH/+/t3715e4uLbs/hT4JgKzgdj32049eBTg==",
      "dev": true,
      "dependencies": {
        "@babel/core": "^7.22.9",
        "@babel/parser": "^7.22.7",
        "@babel/types": "^7.22.5",
        "estree-walker": "^2.0.2",
        "magic-string": "^0.30.5"
      },
      "engines": {
        "node": ">=18.0.0"
      },
      "peerDependencies": {
        "vite": ">=4.2.0"
      }
    },
    "node_modules/commander": {
      "version": "11.1.0",
      "resolved": "https://registry.npmjs.org/commander/-/commander-11.1.0.tgz",
      "integrity": "sha512-yPVavfyCcRhmorC7rWlkHn15b4wSgbSjwf/EhxNEOhk4dJumHlGYu/9S6H9Y+QIxG1kK85Y9Rrq2PcN2LflH4g==",
      "dev": true,
      "engines": {
        "node": ">=16"
      }
    },
    "node_modules/csstype": {
      "version": "3.1.3",
      "resolved": "https://registry.npmjs.org/csstype/-/csstype-3.1.3.tgz",
      "integrity": "sha512-M1uQkMl8rQK/szD0LNhtcwDiFAR9aK6p35+arE7pfz3GarcEsm4iDeAdBCtkO6H1SgCuYtsLyHV+yBci2L+2sA==",
      "dev": true
    },
    "node_modules/es-module-lexer": {
      "version": "1.4.1",
      "resolved": "https://registry.npmjs.org/es-module-lexer/-/es-module-lexer-1.4.1.tgz",
      "integrity": "sha512-P5n61k9HYbMW2ac1vWxIE935rPZu1vDWKmc8yWzUp/3e4u5kClT2b/Nj/REg1ix827lK/seW8xow7tX26a8xCA==",
      "dev": true,
      "optional": true
    },
    "node_modules/estree-walker": {
      "version": "2.0.2",
      "resolved": "https://registry.npmjs.org/estree-walker/-/estree-walker-2.0.2.tgz",
      "integrity": "sha512-RfQo382gT34gUjMtVUKdCjPCWX/SQ2Ae2vyw62t3eT34QO03ZwPl3oZf1L2e3QPVmN1rRAeQ1z135gIZi13g5g==",
      "dev": true
    },
    "node_modules/fsevents": {
      "version": "2.3.3",
      "resolved": "https://registry.npmjs.org/fsevents/-/fsevents-2.3.3.tgz",
      "integrity": "sha512-5rrqanwRTSOK2OO+FQsffb0gFjBfJ06dVIkIIgdwGiu2U1kYmchA1imQSAy+S3lWfnUkkbwq72w+TL3K46112w==",
      "dev": true,
      "hasInstallScript": true,
      "optional": true,
      "os": [
        "darwin"
      ],
      "engines": {
        "node": "^8.16.0 || ^10.6.0 || >=11.0.0"
      }
    },
    "node_modules/gh-pages": {
      "version": "6.1.1",
      "resolved": "https://registry.npmjs.org/gh-pages/-/gh-pages-6.1.1.tgz",
      "integrity": "sha512-JGZ2w6hmLp54FPN2g5TJYKkMo/72nHF+ZvL6M2w3RhP5R/5Wmy0X7lIseWdKx0c0kdvN45I/cg5A92t+yU/A3A==",
      "dev": true,
      "dependencies": {
        "commander": "^11.1.0"
      },
      "bin": {
        "gh-pages": "bin/gh-pages.js"
      },
      "engines": {
        "node": ">=18.0.0"
      }
    },
    "node_modules/js-tokens": {
      "version": "4.0.0",
      "resolved": "https://registry.npmjs.org/js-tokens/-/js-tokens-4.0.0.tgz",
      "integrity": "sha512-RdJUflcE3cUzKiMqQgsCu06FPu9UdIJO0beYbPhHN4k6apgJtifcoCtT9bcxOpYBtpD2kCM6Sbzg4CausW/PKQ==",
      "peer": true
    },
    "node_modules/loose-envify": {
      "version": "1.4.0",
      "resolved": "https://registry.npmjs.org/loose-envify/-/loose-envify-1.4.0.tgz",
      "integrity": "sha512-lyuxPGr/Wfhrlem2CL/UcnUc1zcqKAImBDzukY7Y5F/yQiNdko6+fRLevlw1HgMySw7f611UIY408EtxRSoK3Q==",
      "dependencies": {
        "js-tokens": "^3.0.0 || ^4.0.0"
      },
      "bin": {
        "loose-envify": "cli.js"
      }
    },
    "node_modules/nanoid": {
      "version": "3.3.7",
      "resolved": "https://registry.npmjs.org/nanoid/-/nanoid-3.3.7.tgz",
      "integrity": "sha512-eSP3bLGK1s2VL2u+1338yZ3iIAcCILNAYM+3l3g1pPUrKLNAN6DA32w2usHFhItgri9G1Ud3EaVDDPOZ2vRaQg==",
      "dev": true,
      "bin": {
        "nanoid": "bin/nanoid.js"
      },
      "engines": {
        "node": "^10 || ^12 || ^13.7 || ^14 || >=15.0.1"
      }
    },
    "node_modules/picocolors": {
      "version": "1.0.0",
      "resolved": "https://registry.npmjs.org/picocolors/-/picocolors-1.0.0.tgz",
      "integrity": "sha512-1fyoQ8CRdbfGvONkAj55qMoeEwmycsi8qEsn0vpMCxDbCv646byEvwcdA8VBs0KkrTMqT6AqVN0B3ILJhaYSEg==",
      "dev": true
    },
    "node_modules/postcss": {
      "version": "8.4.32",
      "resolved": "https://registry.npmjs.org/postcss/-/postcss-8.4.32.tgz",
      "integrity": "sha512-D/36kYyz0392Fjj8Qqut2dLQ/8Kx4i2/sYMS7F1a94mCNi52iWcW+7t221K4ML8oGgeHMy82s4E39mk0RDCRrA==",
      "dev": true,
      "dependencies": {
        "nanoid": "^3.3.7",
        "picocolors": "^1.0.0",
        "source-map-js": "^1.0.2"
      },
      "engines": {
        "node": "^12.0 || ^14.0 || >=16.0"
      },
      "funding": {
        "type": "opencollective",
        "url": "https://opencollective.com/postcss/"
      }
    },
    "node_modules/react": {
      "version": "18.2.0",
      "resolved": "https://registry.npmjs.org/react/-/react-18.2.0.tgz",
      "integrity": "sha512-/3IjMdbBCA51B/zYce54rAEf2YzZ3VBZEGD1ZOlmBCv1uDkC/AlNqmHpd/yQOCdjpkPg2TR1d4bOtc1IeLcLSA==",
      "dependencies": {
        "loose-envify": "^1.1.0"
      },
      "engines": {
        "node": ">=0.10.0"
      }
    },
    "node_modules/react-dom": {
      "version": "18.2.0",
      "resolved": "https://registry.npmjs.org/react-dom/-/react-dom-18.2.0.tgz",
      "integrity": "sha512-6IMs9dvthGj+LPUIWf1H+I7bMcAo3Kza BOWkkkgX03o91z3/u/j3t6pT3iHeKpxE5kOdL1W10r/ClUrL0QW10w==",
      "dependencies": {
        "loose-envify": "^1.1.0",
        "scheduler": "^0.23.0"
      },
      "peerDependencies": {
        "react": "^18.2.0"
      }
    },
    "node_modules/rollup": {
      "version": "4.9.1",
      "resolved": "https://registry.npmjs.org/rollup/-/rollup-4.9.1.tgz",
      "integrity": "sha512-Y/B9EJe1M3sY1+2c57IuGg4fD7z8f7oT5zL1aGicT7t2EzD10Cl7eWk0N5Kx4PgoiNrp0tvk2/c0uV3KkcrNgA==",
      "dev": true,
      "bin": {
        "rollup": "dist/bin/rollup"
      },
      "engines": {
        "node": ">=18.0.0",
        "npm": ">=8.0.0"
      },
      "optionalDependencies": {
        "fsevents": "~2.3.3"
      }
    },
    "node_modules/scheduler": {
      "version": "0.23.0",
      "resolved": "https://registry.npmjs.org/scheduler/-/scheduler-0.23.0.tgz",
      "integrity": "sha512-CtuThmgVNg7zIZEREbM2zvA2WWY61XolhrSmiiPoE6B5eA7BioUsbbdrKsn+8+eMySmsm2dp9BI1/g7OpC/2yg==",
      "dependencies": {
        "loose-envify": "^1.1.0"
      }
    },
    "node_modules/source-map-js": {
      "version": "1.0.2",
      "resolved": "https://registry.npmjs.org/source-map-js/-/source-map-js-1.0.2.tgz",
      "integrity": "sha512-R0XvVJ9WusLiqTCEiGCmICCMplcCkIwwR11mOSD9CR5u+IXYdiseeEuXCVAjS94zPimK1bMqVI9xNNa9YwuZlg==",
      "dev": true,
      "engines": {
        "node": ">=0.10.0"
      }
    },
    "node_modules/typescript": {
      "version": "5.3.3",
      "resolved": "https://registry.npmjs.org/typescript/-/typescript-5.3.3.tgz",
      "integrity": "sha512-pXWcraxM0uxAS+tN0AG/BF2TyqmHO014Z070UsJ+pFvYuRSq8KH8DmWpnbXe0pEPDHXZV3FcAbJkijJ5oNEnWw==",
      "dev": true,
      "bin": {
        "tsc": "bin/tsc",
        "tsserver": "bin/tsserver"
      },
      "engines": {
        "node": ">=14.17"
      }
    },
    "node_modules/vite": {
      "version": "5.0.8",
      "resolved": "https://registry.npmjs.org/vite/-/vite-5.0.8.tgz",
      "integrity": "sha512-s02zSj2/aJznKi/dIe4uKTMh5u6wTqz/PjSfgfWp42WbH7j2KjOPCqjT4a3p+4h4vLp2HyaK67s2fB5M62bJ2A==",
      "dev": true,
      "dependencies": {
        "es-module-lexer": "^1.3.1",
        "picocolors": "^1.0.0",
        "postcss": "^8.4.31",
        "resolve.exports": "^2.0.2",
        "rollup": "^4.9.1"
      },
      "bin": {
        "vite": "bin/vite.js"
      },
      "engines": {
        "node": ">=18.0.0"
      },
      "funding": {
        "url": "https://github.com/sponsors/yyx990803"
      },
      "optionalDependencies": {
        "es-module-lexer": "^1.4.1",
        "fsevents": "~2.3.3"
      },
      "peerDependencies": {
        "@types/node": ">=18.0.0",
        "less": "*",
        "lightningcss": ">=1.21.0",
        "sass": "*",
        "stylus": "*",
        "sugarss": "*",
        "terser": ">=5.4.0"
      },
      "peerDependenciesMeta": {
        "@types/node": {
          "optional": true
        },
        "less": {
          "optional": true
        },
        "lightningcss": {
          "optional": true
        },
        "sass": {
          "optional": true
        },
        "stylus": {
          "optional": true
        },
        "sugarss": {
          "optional": true
        },
        "terser": {
          "optional": true
        }
      }
    }
  }
}
