{
  "name": "day-trading-tracker",
  "version": "0.0.0",
  "lockfileVersion": 3,
  "requires": true,
  "packages": {
    "": {
      "name": "day-trading-tracker",
      "version": "0.0.0",
      "dependencies": {
        "react": "^18.2.0",
        "react-dom": "^18.2.0"
      },
      "devDependencies": {
        "@types/react": "^18.2.43",
        "@types/react-dom": "^18.2.17",
        "@vitejs/plugin-react": "^4.2.1",
        "gh-pages": "^6.1.1",
        "typescript": "^5.2.2",
        "vite": "^5.0.8"
      }
    },
    "node_modules/@babel/code-frame": {
      "version": "7.24.7",
      "resolved": "https://registry.npmjs.org/@babel/code-frame/-/code-frame-7.24.7.tgz",
      "integrity": "sha512-VuyP6YV9Z0APFTu9dYjT+MM9AeBDo3U3832yPa3V//2TDRg72ACzTj7Fk49VnSgWPTnQWc22Qd1Cjwz2Tqg21A==",
      "dev": true,
      "dependencies": {
        "@babel/highlight": "^7.24.7"
      },
      "engines": {
        "node": ">=6.9.0"
      }
    },
    "node_modules/@babel/compat-data": {
      "version": "7.24.7",
      "resolved": "https://registry.npmjs.org/@babel/compat-data/-/compat-data-7.24.7.tgz",
      "integrity": "sha512-lRoLwWc56/O2itGAi9mYV483TGNb2gH23JjPN+T6ANJdGg5/lKx/n1oT0jM4K6UYuvw9P5fMhc5K2Q2bUI7aIA==",
      "dev": true,
      "engines": {
        "node": ">=6.9.0"
      }
    },
    "node_modules/@babel/core": {
      "version": "7.24.7",
      "resolved": "https://registry.npmjs.org/@babel/core/-/core-7.24.7.tgz",
      "integrity": "sha512-Rz9gq5Yl3W5G8TFx8iB2FjQ4A/vPV/23qgq+wMhV2Gv28GfKa0sCvmYgsaCNOh+J+q2z+kADJz6WK49sXA9QZA==",
      "dev": true,
      "dependencies": {
        "@babel/helper-compilation-targets": "^7.24.7",
        "@babel/helper-module-transforms": "^7.24.7",
        "@babel/helpers": "^7.24.7",
        "@babel/parser": "^7.24.7",
        "@babel/template": "^7.24.7",
        "@babel/traverse": "^7.24.7",
        "@babel/types": "^7.24.7",
        "convert-source-map": "^2.0.0",
        "debug": "^4.1.0",
        "gensync": "^1.0.0-beta.2",
        "json5": "^2.2.3",
        "semver": "^6.3.1"
      },
      "engines": {
        "node": ">=6.9.0"
      },
      "funding": {
        "type": "opencollective",
        "url": "https://opencollective.com/babel"
      }
    },
    "node_modules/@babel/generator": {
      "version": "7.24.7",
      "resolved": "https://registry.npmjs.org/@babel/generator/-/generator-7.24.7.tgz",
      "integrity": "sha512-eJu2QIT4Y2ok3MIs629w5cfwH2q5imnMnG3v0Np5389fB23eZXikg+flD3X3a2V0AwvJ2/0Kz+yU7sKPg9r0sA==",
      "dev": true,
      "dependencies": {
        "@babel/types": "^7.24.7",
        "@jridgewell/gen-mapping": "^0.3.5",
        "jsesc": "^2.5.1"
      },
      "engines": {
        "node": ">=6.9.0"
      }
    },
    "node_modules/@babel/helper-compilation-targets": {
      "version": "7.24.7",
      "resolved": "https://registry.npmjs.org/@babel/helper-compilation-targets/-/helper-compilation-targets-7.24.7.tgz",
      "integrity": "sha512-i0G0fV5KPg9QpPAfJdgf41f71k1bSj905hGg6/qNagL8D4mBAnD2/L+Sj4yZcOoUHbEp/3l32yex23hEXS0/lw==",
      "dev": true,
      "dependencies": {
        "@babel/compat-data": "^7.24.7",
        "@babel/helper-validator-option": "^7.24.7",
        "browserslist": "^4.23.0",
        "semver": "^6.3.1"
      },
      "engines": {
        "node": ">=6.9.0"
      },
      "peerDependencies": {
        "@babel/core": "^7.0.0"
      }
    },
    "node_modules/@babel/helper-environment-visitor": {
      "version": "7.22.20",
      "resolved": "https://registry.npmjs.org/@babel/helper-environment-visitor/-/helper-environment-visitor-7.22.20.tgz",
      "integrity": "sha512-zfed1mEaF0aB5/aBHf6mVLharz5i3l9M2m9p9s628pIP2TdClPNOwmhK3bT2m8M+3Z1YF61/YHjMUoX/u8P2gA==",
      "dev": true,
      "peerDependencies": {
        "@babel/core": "^7.0.0"
      }
    },
    "node_modules/@babel/helper-function-name": {
      "version": "7.24.7",
      "resolved": "https://registry.npmjs.org/@babel/helper-function-name/-/helper-function-name-7.24.7.tgz",
      "integrity": "sha512-9M5TS8iL2gB9KzL/X2+b00sRk3NGsKI/Dxd0qtj4jMNCy3Fj1X/f0/s4a5GkC/3rMFAgUo2XW5h+P/lJj43L5w==",
      "dev": true,
      "dependencies": {
        "@babel/template": "^7.24.7",
        "@babel/types": "^7.24.7"
      },
      "engines": {
        "node": ">=6.9.0"
      },
      "peerDependencies": {
        "@babel/core": "^7.0.0"
      }
    },
    "node_modules/@babel/helper-hoist-variables": {
      "version": "7.22.5",
      "resolved": "https://registry.npmjs.org/@babel/helper-hoist-variables/-/helper-hoist-variables-7.22.5.tgz",
      "integrity": "sha512-wGjk9QZVzvknA6y22iB+I1k64KO21NK2mJ52yN8a+njff6yDGUoHWN2Wp12F2wdyk/5ltGM7i1y2mgxS42qgdQ==",
      "dev": true,
      "dependencies": {
        "@babel/types": "^7.22.5"
      },
      "engines": {
        "node": ">=6.9.0"
      },
      "peerDependencies": {
        "@babel/core": "^7.0.0"
      }
    },
    "node_modules/@babel/helper-module-imports": {
      "version": "7.24.7",
      "resolved": "https://registry.npmjs.org/@babel/helper-module-imports/-/helper-module-imports-7.24.7.tgz",
      "integrity": "sha512-DrHi3UaKwqSg1z0fM5vsvTKEy8Gn/Ytc0s2uSna7KIO3jXpL9wWvEH2s5p2IqFJ/zY2dg6L0jPahf1f1hCg4kQ==",
      "dev": true,
      "dependencies": {
        "@babel/types": "^7.24.7"
      },
      "engines": {
        "node": ">=6.9.0"
      },
      "peerDependencies": {
        "@babel/core": "^7.0.0"
      }
    },
    "node_modules/@babel/helper-module-transforms": {
      "version": "7.24.7",
      "resolved": "https://registry.npmjs.org/@babel/helper-module-transforms/-/helper-module-transforms-7.24.7.tgz",
      "integrity": "sha512-wEaE7kR0sLdY/oW+d+nN/pS4eG5yZp7QcZ/fEmmA5wZ/d1S04Sqa2DEX5F1L1R7rISsC1qQ6yqT4QjK/H8QDA==",
      "dev": true,
      "dependencies": {
        "@babel/helper-environment-visitor": "^7.22.20",
        "@babel/helper-module-imports": "^7.24.7",
        "@babel/helper-simple-access": "^7.24.7",
        "@babel/helper-split-export-declaration": "^7.24.7",
        "@babel/helper-validator-identifier": "^7.24.7",
        "@babel/traverse": "^7.24.7",
        "@babel/types": "^7.24.7"
      },
      "engines": {
        "node": ">=6.9.0"
      },
      "peerDependencies": {
        "@babel/core": "^7.0.0"
      }
    },
    "node_modules/@babel/helper-simple-access": {
      "version": "7.24.7",
      "resolved": "https://registry.npmjs.org/@babel/helper-simple-access/-/helper-simple-access-7.24.7.tgz",
      "integrity": "sha512-Y1jC5g7Fh+fMyA4uunhB0eHMuS+hJ9H2aPTC3pD0cpS3b6JgA/vxf7IuBdg037y5i21/I/v4Z+MRK4zT/2E2QA==",
      "dev": true,
      "dependencies": {
        "@babel/types": "^7.24.7"
      },
      "engines": {
        "node": ">=6.9.0"
      },
      "peerDependencies": {
        "@babel/core": "^7.0.0"
      }
    },
    "node_modules/@babel/helper-split-export-declaration": {
      "version": "7.24.7",
      "resolved": "https://registry.npmjs.org/@babel/helper-split-export-declaration/-/helper-split-export-declaration-7.24.7.tgz",
      "integrity": "sha512-Xh/yMmvKzU/y8fE9sB/y/m+AEbJ0V+s5lT2m/b+PevH5F1/+if++4CPzYx2b2g4aY1T5T03tXwN6/O/EDl4MCA==",
      "dev": true,
      "dependencies": {
        "@babel/types": "^7.24.7"
      },
      "engines": {
        "node": ">=6.9.0"
      },
      "peerDependencies": {
        "@babel/core": "^7.0.0"
      }
    },
    "node_modules/@babel/helper-string-parser": {
      "version": "7.24.7",
      "resolved": "https://registry.npmjs.org/@babel/helper-string-parser/-/helper-string-parser-7.24.7.tgz",
      "integrity": "sha512-xLvlBMyyQ32PIdkWAaMgUh5tdSy23z/slAyP2Q/D3uQ2y/38+k5j/T11sWbPMy2t/6PjF76kNi1bNsoW3wI6AA==",
      "dev": true,
      "engines": {
        "node": ">=6.9.0"
      }
    },
    "node_modules/@babel/helper-validator-identifier": {
      "version": "7.24.7",
      "resolved": "https://registry.npmjs.org/@babel/helper-validator-identifier/-/helper-validator-identifier-7.24.7.tgz",
      "integrity": "sha512-3q9gim6xLp4jT7s5lT4ePsf2bLPa3Djx1Uf2x+hKgk2/y5r/p2JYY1j99xJ58C5OMLwe855A54e2GFm2O+a+jg==",
      "dev": true,
      "engines": {
        "node": ">=6.9.0"
      }
    },
    "node_modules/@babel/helper-validator-option": {
      "version": "7.24.7",
      "resolved": "https://registry.npmjs.org/@babel/helper-validator-option/-/helper-validator-option-7.24.7.tgz",
      "integrity": "sha512-l9pKUzGZqQV0o2S6/b8tL356K7IyA0BBR5c7PnH2G0Jz45Gss7m6Iia/rYyC5oJkCslxI/c8w+g04yQm3x9bHw==",
      "dev": true,
      "engines": {
        "node": ">=6.9.0"
      }
    },
    "node_modules/@babel/helpers": {
      "version": "7.24.7",
      "resolved": "https://registry.npmjs.org/@babel/helpers/-/helpers-7.24.7.tgz",
      "integrity": "sha512-0I52P12mpNyzEvxo85s2m8A24I2fJq4kE8o+bJ/MyA06+KkQ4GnJp/W8Tf9Eprn3V5zCmMb2bylpW2XbWvA/dw==",
      "dev": true,
      "dependencies": {
        "@babel/template": "^7.24.7",
        "@babel/traverse": "^7.24.7",
        "@babel/types": "^7.24.7"
      },
      "engines": {
        "node": ">=6.9.0"
      }
    },
    "node_modules/@babel/highlight": {
      "version": "7.24.7",
      "resolved": "https://registry.npmjs.org/@babel/highlight/-/highlight-7.24.7.tgz",
      "integrity": "sha512-pPj1RU5vPQuEwSsuKTO2fQ34+3L/c+fx3zNWDidk38n1e9pEYzBYVpLltCHq1Vptb8C0d88A2xLLQxobdGRD2A==",
      "dev": true,
      "dependencies": {
        "@babel/helper-validator-identifier": "^7.24.7",
        "chalk": "^2.0.0",
        "js-tokens": "^4.0.0"
      },
      "engines": {
        "node": ">=6.9.0"
      }
    },
    "node_modules/@babel/highlight/node_modules/ansi-styles": {
      "version": "3.2.1",
      "resolved": "https://registry.npmjs.org/ansi-styles/-/ansi-styles-3.2.1.tgz",
      "integrity": "sha512-VT0ZI6kZRdTh8YyJw3SMbYm/u+NqfsAxEpWO0PfL48QTG+vOTWiiKeidYgoz2lXEZImANA5Q+MOzt+svQwI1rQ==",
      "dev": true,
      "dependencies": {
        "color-convert": "^1.9.0"
      },
      "engines": {
        "node": ">=4"
      }
    },
    "node_modules/@babel/highlight/node_modules/chalk": {
      "version": "2.4.2",
      "resolved": "https://registry.npmjs.org/chalk/-/chalk-2.4.2.tgz",
      "integrity": "sha512-Mti+f9LPJNcwF4tWV8/OrTTtF1gZi+f8FqlyAdouralc5Far12ErKrz+94J3HkgbsSAuHocZ4G5lDdVYCEo/gg==",
      "dev": true,
      "dependencies": {
        "ansi-styles": "^3.2.1",
        "escape-string-regexp": "^1.0.5",
        "supports-color": "^5.3.0"
      },
      "engines": {
        "node": ">=4"
      }
    },
    "node_modules/@babel/highlight/node_modules/color-convert": {
      "version": "1.9.3",
      "resolved": "https://registry.npmjs.org/color-convert/-/color-convert-1.9.3.tgz",
      "integrity": "sha512-QfAUtd+vFdAtFQhSgtwEUay8JpCXGD0t3lVRsOxllHAbC8zOBhEHyoM/wpd2DRezQpI9QFPasllLbAeieicVmA==",
      "dev": true,
      "dependencies": {
        "color-name": "1.1.3"
      }
    },
    "node_modules/@babel/highlight/node_modules/color-name": {
      "version": "1.1.3",
      "resolved": "https://registry.npmjs.org/color-name/-/color-name-1.1.3.tgz",
      "integrity": "sha512-72fSenhMw2ACoSW5NJUweqgDCIPhmGxPAhnpP5OTqUebAHYkvWBF206A+7srTGpClSS/2tCYvMSXB6soBwGPcg==",
      "dev": true
    },
    "node_modules/@babel/highlight/node_modules/escape-string-regexp": {
      "version": "1.0.5",
      "resolved": "https://registry.npmjs.org/escape-string-regexp/-/escape-string-regexp-1.0.5.tgz",
      "integrity": "sha512-vbRorBvEUKUuQ/+N+Two2d4RkrsxE7A2C0xxSiv3pmAbP9vPC2HRNsNElPzDadODoA2IeLVC3vKZVcpQfWdF4Q==",
      "dev": true,
      "engines": {
        "node": ">=0.8.0"
      }
    },
    "node_modules/@babel/highlight/node_modules/has-flag": {
      "version": "3.0.0",
      "resolved": "https://registry.npmjs.org/has-flag/-/has-flag-3.0.0.tgz",
      "integrity": "sha512-sKrqxFUmj+y1O2gJ3l4qwPOci2iC3yAoM/AwsSN7PlTEahOveEnJrb7WebA3tAlgwzPrUPon3s4AEKAa/oUxdA==",
      "dev": true,
      "engines": {
        "node": ">=4"
      }
    },
    "node_modules/@babel/highlight/node_modules/js-tokens": {
      "version": "4.0.0",
      "resolved": "https://registry.npmjs.org/js-tokens/-/js-tokens-4.0.0.tgz",
      "integrity": "sha512-RdJUflcE3cUzKiMqQgsCu06FPu9UdIJO0beYbPhHN4k6apgJtifcoCtT9bcxOpYBtpD2kCM6Sbzg4CausW/PKQ==",
      "dev": true
    },
    "node_modules/@babel/highlight/node_modules/supports-color": {
      "version": "5.5.0",
      "resolved": "https://registry.npmjs.org/supports-color/-/supports-color-5.5.0.tgz",
      "integrity": "sha512-QjVjwdXIt408MIiAqCX4oUKsgU2SupG3gO5W+vaC1doIFal8xuzUpH5pe6km304whtjp+yAbccUWYEyMcIyD4g==",
      "dev": true,
      "dependencies": {
        "has-flag": "^3.0.0"
      },
      "engines": {
        "node": ">=4"
      }
    },
    "node_modules/@babel/parser": {
      "version": "7.24.7",
      "resolved": "https://registry.npmjs.org/@babel/parser/-/parser-7.24.7.tgz",
      "integrity": "sha512-2YqO/P1pS6DUbRd13WKyF/nLZl/iQzY2d7wXwV/v213hXgZ4wA+nFdyhZK9O6sT+BtfT8Fv9+X7m/T/+r26Vaw==",
      "dev": true,
      "bin": {
        "parser": "bin/babel-parser.js"
      },
      "engines": {
        "node": ">=6.0.0"
      }
    },
    "node_modules/@babel/template": {
      "version": "7.24.7",
      "resolved": "https://registry.npmjs.org/@babel/template/-/template-7.24.7.tgz",
      "integrity": "sha512-yG4OunRx1xVj1+MWc3xp5U+N6p1VIog+Y7mCIdRn22k04E+V/6A/K4G1YmI5x0aW/SgT/Yy9hMkhGv05iVLIaA==",
      "dev": true,
      "dependencies": {
        "@babel/code-frame": "^7.24.7",
        "@babel/parser": "^7.24.7",
        "@babel/types": "^7.24.7"
      },
      "engines": {
        "node": ">=6.9.0"
      }
    },
    "node_modules/@babel/traverse": {
      "version": "7.24.7",
      "resolved": "https://registry.npmjs.org/@babel/traverse/-/traverse-7.24.7.tgz",
      "integrity": "sha512-wX/f7gUUt3wTzF7T3mNvsDk2Prcsi2aHq+nARb03Y7pWOU+p2L6Qh1T8vFq2y3KS/KdpCRrs2+2qG2NqL+Bv+A==",
      "dev": true,
      "dependencies": {
        "@babel/code-frame": "^7.24.7",
        "@babel/generator": "^7.24.7",
        "@babel/helper-environment-visitor": "^7.22.20",
        "@babel/helper-function-name": "^7.24.7",
        "@babel/helper-hoist-variables": "^7.22.5",
        "@babel/helper-split-export-declaration": "^7.24.7",
        "@babel/parser": "^7.24.7",
        "@babel/types": "^7.24.7",
        "debug": "^4.1.0",
        "globals": "^11.1.0"
      },
      "engines": {
        "node": ">=6.9.0"
      }
    },
    "node_modules/@babel/types": {
      "version": "7.24.7",
      "resolved": "https://registry.npmjs.org/@babel/types/-/types-7.24.7.tgz",
      "integrity": "sha512-wK4cSmEyKwd2Jd/OQTqO4I//a2K6j22k8d12E9Da4Dxz/QZ/3wzFg2s9aZcUn874d1yAdbwR6d0Q22gKx3x21w==",
      "dev": true,
      "dependencies": {
        "@babel/helper-string-parser": "^7.24.7",
        "@babel/helper-validator-identifier": "^7.24.7",
        "to-fast-properties": "^2.0.0"
      },
      "engines": {
        "node": ">=6.9.0"
      }
    },
    "node_modules/@jridgewell/gen-mapping": {
      "version": "0.3.5",
      "resolved": "https://registry.npmjs.org/@jridgewell/gen-mapping/-/gen-mapping-0.3.5.tgz",
      "integrity": "sha512-cPVn8QG5cWcbpEFy4S9i2pTbq5z+Oo6i3+1r53vB6eILE72S7jYVwOKKC5z9XlDuXGC/d+yE2c2om+8VyI0OOA==",
      "dev": true,
      "dependencies": {
        "@jridgewell/set-array": "^1.2.1",
        "@jridgewell/sourcemap-codec": "^1.4.15",
        "@jridgewell/trace-mapping": "^0.3.25"
      },
      "engines": {
        "node": ">=6.0.0"
      }
    },
    "node_modules/@jridgewell/resolve-uri": {
      "version": "3.1.2",
      "resolved": "https://registry.npmjs.org/@jridgewell/resolve-uri/-/resolve-uri-3.1.2.tgz",
      "integrity": "sha512-b2DUs6P7/b3d4fMup9aiV9Q+u3i4f3tK1gC5aTfDeSkUeJCFmr4aQ13OC0Nf9xI2F5w/VbC3bCkrp1/2QzJb2Q==",
      "dev": true,
      "engines": {
        "node": ">=6.0.0"
      }
    },
    "node_modules/@jridgewell/set-array": {
      "version": "1.2.1",
      "resolved": "https://registry.npmjs.org/@jridgewell/set-array/-/set-array-1.2.1.tgz",
      "integrity": "sha512-FqEE2jtxg21p5mDLRdaG+PlQCIm02MN4c1Emj9Le28P5DtjRj50CjO4O2vS1C8hYTb7Hi8fKLhQ1GKV5TjpxPw==",
      "dev": true,
      "engines": {
        "node": ">=6.0.0"
      }
    },
    "node_modules/@jridgewell/sourcemap-codec": {
      "version": "1.4.15",
      "resolved": "https://registry.npmjs.org/@jridgewell/sourcemap-codec/-/sourcemap-codec-1.4.15.tgz",
      "integrity": "sha512-eF2rxCRulEKXHTRiDrDy6erMYDqNw4LP1kTpCcGvcL+tE+hMXS5NVdRRYvEeUTzd2vpGAgCzU9fAAMmb6ca7mA==",
      "dev": true
    },
    "node_modules/@jridgewell/trace-mapping": {
      "version": "0.3.25",
      "resolved": "https://registry.npmjs.org/@jridgewell/trace-mapping/-/trace-mapping-0.3.25.tgz",
      "integrity": "sha512-vNk62qG03nKCDbM5Yp9o2i4oN7v3x202k+B4yPa8i2hGW5i+gn22vH0vWkI4BdoinMcLn05GCcFyOFaTh9yQpA==",
      "dev": true,
      "dependencies": {
        "@jridgewell/resolve-uri": "^3.1.2",
        "@jridgewell/sourcemap-codec": "^1.4.15"
      }
    },
    "node_modules/@types/prop-types": {
      "version": "15.7.12",
      "resolved": "https://registry.npmjs.org/@types/prop-types/-/prop-types-15.7.12.tgz",
      "integrity": "sha512-5zvhXYS3icfXQSFEIqpOEguCNqo3IeSVC3fX3+Nw5y+bTJCX8Ok/52gg0JJtuo2D30fC9/5/5l3dg2g/3a2WcQ==",
      "dev": true
    },
    "node_modules/@types/react": {
      "version": "18.3.3",
      "resolved": "https://registry.npmjs.org/@types/react/-/react-18.3.3.tgz",
      "integrity": "sha512-hti/R0pS0q1/xx+TsI73S6S4AnAbv/j0+/o5k2vV+CKv2xYedz+L1iV5jUqq53K8bT0g1F6M+Q2D4Y+uHqYJPA==",
      "dev": true,
      "dependencies": {
        "@types/prop-types": "*",
        "csstype": "^3.0.2"
      }
    },
    "node_modules/@types/react-dom": {
      "version": "18.3.0",
      "resolved": "https://registry.npmjs.org/@types/react-dom/-/react-dom-18.3.0.tgz",
      "integrity": "sha512-hpTMnBQXEgD/WvQ8k5Twrkl078iOBmE3VsaxTFT1z3L2/TuQ9X2MVUaJp5zjwkY/F9k2KvB21vj3y4Q4eQj1sg==",
      "dev": true,
      "dependencies": {
        "@types/react": "*"
      }
    },
    "node_modules/@vitejs/plugin-react": {
      "version": "4.2.1",
      "resolved": "https://registry.npmjs.org/@vitejs/plugin-react/-/plugin-react-4.2.1.tgz",
      "integrity": "sha512-oRbe1d/5fY33+S2/brQ2a+qCi+sV8y9V/foFzM2p43o4yl/Zrv2g9wZ2KjKfp3aJ/M2l2vk2SPS4Tqs+iB2how==",
      "dev": true,
      "dependencies": {
        "@babel/core": "^7.22.9",
        "@babel/parser": "^7.22.7",
        "@babel/types": "^7.22.5",
        "estree-walker": "^2.0.2",
        "magic-string": "^0.30.5"
      },
      "engines": {
        "node": ">=18.0.0"
      },
      "peerDependencies": {
        "vite": ">=5.0.0"
      }
    },
    "node_modules/browserslist": {
      "version": "4.23.0",
      "resolved": "https://registry.npmjs.org/browserslist/-/browserslist-4.23.0.tgz",
      "integrity": "sha512-uVu+c34sN9scALn72DA8d2E3v1s9ul2iIcs00QPryPXg+kMKv1lIe1FvU3k2yPajIsOFQn6E9mR1u04yE3Dlow==",
      "dev": true,
      "funding": [
        {
          "type": "opencollective",
          "url": "https://opencollective.com/browserslist"
        },
        {
          "type": "tidelift",
          "url": "https://tidelift.com/funding/github/npm/browserslist"
        },
        {
          "type": "github",
          "url": "https://github.com/sponsors/ai"
        }
      ],
      "dependencies": {
        "caniuse-lite": "^1.0.30001599",
        "electron-to-chromium": "^1.4.676",
        "node-releases": "^2.0.14",
        "update-browserslist-db": "^1.0.13"
      },
      "bin": {
        "browserslist": "cli.js"
      },
      "engines": {
        "node": "^12 || ^14 || >=16"
      }
    },
    "node_modules/caniuse-lite": {
      "version": "1.0.30001602",
      "resolved": "https://registry.npmjs.org/caniuse-lite/-/caniuse-lite-1.0.30001602.tgz",
      "integrity": "sha512-S0vrp3P/MKsPlrG30K12vQzMVsLaT/6Q5u1yq58T72x5/KPCwQLtD8E5pG8222TfE/w4sSWkO0nkrw6YJtNKA==",
      "dev": true,
      "funding": [
        {
          "type": "opencollective",
          "url": "https://opencollective.com/browserslist"
        },
        {
          "type": "tidelift",
          "url": "https://tidelift.com/funding/github/npm/caniuse-lite"
        }
      ]
    },
    "node_modules/commander": {
      "version": "11.1.0",
      "resolved": "https://registry.npmjs.org/commander/-/commander-11.1.0.tgz",
      "integrity": "sha512-yPVavfyCcRhmorC7rWlkHn15b4wSgbSjwf/EhxNEOhk4dJumHlGYu/9S6H9Y+QIxG1kK85Y9Rrq2PcN2LflH4g==",
      "dev": true,
      "engines": {
        "node": ">=16"
      }
    },
    "node_modules/convert-source-map": {
      "version": "2.0.0",
      "resolved": "https://registry.npmjs.org/convert-source-map/-/convert-source-map-2.0.0.tgz",
      "integrity": "sha512-KvpK2W2Q8p0d6o69aTPxFndd1td5vc0Izlt/6Vj/B5Wp/d/S/3jaTf6v6/w9yv/Lw2T/eTf1vT4QDOni9oHwA==",
      "dev": true
    },
    "node_modules/csstype": {
      "version": "3.1.3",
      "resolved": "https://registry.npmjs.org/csstype/-/csstype-3.1.3.tgz",
      "integrity": "sha512-M1uQkMl8rQK/szD0LNhtcwDiFAR9aK6p35+arE7pfz3GarcEsm4iDeAdBCtkO6H1SgCuYtsLyHV+yBci2L+2sA==",
      "dev": true
    },
    "node_modules/debug": {
      "version": "4.3.4",
      "resolved": "https://registry.npmjs.org/debug/-/debug-4.3.4.tgz",
      "integrity": "sha512-PR1b4ofeJDX6Nq1pbqBbATGc2T7M5pjuFHUrHd6ffxseEVfG0Z+CDppseU51AjE2Sve9vaBCAxgasCdBpa/LAw==",
      "dev": true,
      "dependencies": {
        "ms": "2.1.2"
      },
      "engines": {
        "node": ">=6.0"
      },
      "peerDependenciesMeta": {
        "supports-color": {
          "optional": true
        }
      }
    },
    "node_modules/electron-to-chromium": {
      "version": "1.4.784",
      "resolved": "https://registry.npmjs.org/electron-to-chromium/-/electron-to-chromium-1.4.784.tgz",
      "integrity": "sha512-MuzPzC3h5O841wVj3gbZtrg3l66i1Mw1Gf82H+acYj2hGZu2v/2iRNj3Y8aOUsT1QxJ6G8Z/0S7iNdd2zIe45Q==",
      "dev": true
    },
    "node_modules/es-module-lexer": {
      "version": "1.4.1",
      "resolved": "https://registry.npmjs.org/es-module-lexer/-/es-module-lexer-1.4.1.tgz",
      "integrity": "sha512-P5n1yHYtW/8A31x+h5E/k/iBGPnYy/8Yk/o1/4Bw2b/+4M/h/PuhmBq5iwwtvcE+AMi1Ie4Nn/aF3dYkK9b9pQ==",
      "dev": true
    },
    "node_modules/estree-walker": {
      "version": "2.0.2",
      "resolved": "https://registry.npmjs.org/estree-walker/-/estree-walker-2.0.2.tgz",
      "integrity": "sha512-RfQo382gT34gUjMtVUKdCjPCWX/SQ2Ae2vyw62t3eT34QO03ZwPl3oZf1L2e3QPVmN1rRAeQ1z135gIZi13g5g==",
      "dev": true
    },
    "node_modules/fsevents": {
      "version": "2.3.3",
      "resolved": "https://registry.npmjs.org/fsevents/-/fsevents-2.3.3.tgz",
      "integrity": "sha512-5rrqanwRTSOK2OO+FQsffb0gFjBfJ06dVIkIIgdwGiu2U1kYmchA1imQSAy+S3lWfnUkkbwq72w+TL3K46112w==",
      "dev": true,
      "hasInstallScript": true,
      "optional": true,
      "os": [
        "darwin"
      ],
      "engines": {
        "node": "^8.16.0 || ^10.6.0 || >=11.0.0"
      }
    },
    "node_modules/gensync": {
      "version": "1.0.0-beta.2",
      "resolved": "https://registry.npmjs.org/gensync/-/gensync-1.0.0-beta.2.tgz",
      "integrity": "sha512-3hN7N9bfg7N3LSyAReyON0PAeGaslW4b6e5iTHr6T1WrV5Ay133iA+vW2wP1i04DDA1C+3L403b1JGmSD2wHQ==",
      "dev": true,
      "engines": {
        "node": ">=6.9.0"
      }
    },
    "node_modules/gh-pages": {
      "version": "6.1.1",
      "resolved": "https://registry.npmjs.org/gh-pages/-/gh-pages-6.1.1.tgz",
      "integrity": "sha512-JGZ2w6hmLp54FPN2g5TJYKkMo/72nHF+ZvL6M2w3RhP5R/5Wmy0X7lIseWdKx0c0kdvN45I/cg5A92t+yU/A3A==",
      "dev": true,
      "dependencies": {
        "commander": "^11.1.0"
      },
      "bin": {
        "gh-pages": "bin/gh-pages.js"
      },
      "engines": {
        "node": ">=18.0.0"
      }
    },
    "node_modules/globals": {
      "version": "11.12.0",
      "resolved": "https://registry.npmjs.org/globals/-/globals-11.12.0.tgz",
      "integrity": "sha512-WOBp/EEGUiIsJSp7wcv/y6CTONziUIgFCKjvOJLoAaflIo4Ee unuspnYhc+yNNe3F0JHTSNzhOKDRx2xXaKxSow==",
      "dev": true,
      "engines": {
        "node": ">=4"
      }
    },
    "node_modules/js-tokens": {
      "version": "4.0.0",
      "resolved": "https://registry.npmjs.org/js-tokens/-/js-tokens-4.0.0.tgz",
      "integrity": "sha512-RdJUflcE3cUzKiMqQgsCu06FPu9UdIJO0beYbPhHN4k6apgJtifcoCtT9bcxOpYBtpD2kCM6Sbzg4CausW/PKQ=="
    },
    "node_modules/jsesc": {
      "version": "2.5.2",
      "resolved": "https://registry.npmjs.org/jsesc/-/jsesc-2.5.2.tgz",
      "integrity": "sha512-OYu7XEzjkCQ3C5Ps3QIZsQfNpqoJyZZA99wd9aWd05NCtC5pWLe6szqZL/XxtqmaUd6S3BBecp8ZWeTV+yG2rg==",
      "dev": true,
      "bin": {
        "jsesc": "bin/jsesc"
      },
      "engines": {
        "node": ">=4"
      }
    },
    "node_modules/json5": {
      "version": "2.2.3",
      "resolved": "https://registry.npmjs.org/json5/-/json5-2.2.3.tgz",
      "integrity": "sha512-XmOWe7eySirHmLh52fe3fliOXe7SqbWyqcjoFabv7G9my2e8w8MunL4WAVoTViTmIg24EcSqPCe0H0NwS2E36Q==",
      "dev": true,
      "bin": {
        "json5": "lib/cli.js"
      },
      "engines": {
        "node": ">=6"
      }
    },
    "node_modules/loose-envify": {
      "version": "1.4.0",
      "resolved": "https://registry.npmjs.org/loose-envify/-/loose-envify-1.4.0.tgz",
      "integrity": "sha512-lyuxPGr/Wfhrlem2CL/UcnUc1zcqKAImBDzukY7Y5F/yQiNdko6+fRLevlw1HgMySw7f611UIY408EtxRSoK3Q==",
      "dependencies": {
        "js-tokens": "^3.0.0 || ^4.0.0"
      },
      "bin": {
        "loose-envify": "cli.js"
      }
    },
    "node_modules/magic-string": {
      "version": "0.30.10",
      "resolved": "https://registry.npmjs.org/magic-string/-/magic-string-0.30.10.tgz",
      "integrity": "sha512-Y12L+V+u202eN5Iq/1J6iAft9rURE509Ury1dGUpEYd5b3z8bOQUo8/Vp43bK+o2x5WKV+A7i/wsO0sMxdS/wA==",
      "dev": true,
      "dependencies": {
        "@jridgewell/sourcemap-codec": "^1.4.15"
      },
      "engines": {
        "node": ">=16"
      }
    },
    "node_modules/ms": {
      "version": "2.1.2",
      "resolved": "https://registry.npmjs.org/ms/-/ms-2.1.2.tgz",
      "integrity": "sha512-sGkPx+VjMtmA6MX27oA4FBFELFCZZ4S4XqeGOXCv68tT+Anm2dx8bq0cAPathvcbjsSMaEa4NEqfsCma6a2UoA==",
      "dev": true
    },
    "node_modules/nanoid": {
      "version": "3.3.7",
      "resolved": "https://registry.npmjs.org/nanoid/-/nanoid-3.3.7.tgz",
      "integrity": "sha512-ESP3bLGK1s2VL2u+1338yZ3iIAcCILNAYM+3l3g1pPUrKLNAN6DA32w2usHFhItgri9G1Ud3EaVDDPOZ2vRaQg==",
      "dev": true,
      "bin": {
        "nanoid": "bin/nanoid.js"
      },
      "engines": {
        "node": "^10 || ^12 || ^13.7 || ^14 || >=15.0.1"
      }
    },
    "node_modules/node-releases": {
      "version": "2.0.14",
      "resolved": "https://registry.npmjs.org/node-releases/-/node-releases-2.0.14.tgz",
      "integrity": "sha512-yJ6YUr6c9GgjpBwB+stxCJdtRAwsd51S1W5QjS3f4h9CUo7fBGpnkIMbIuRkTwVwJ2iZ9GKk8uawQW2zO/yHDA==",
      "dev": true
    },
    "node_modules/picocolors": {
      "version": "1.0.0",
      "resolved": "https://registry.npmjs.org/picocolors/-/picocolors-1.0.0.tgz",
      "integrity": "sha512-1fygroBR2KVwo7kLhEgZfcw2KydzMPDzGcfihMzH6w4sPGrzsSJQlAyGDDISwA/M56+veRFAkrI2uspd0HJrA/Q==",
      "dev": true
    },
    "node_modules/postcss": {
      "version": "8.4.38",
      "resolved": "https://registry.npmjs.org/postcss/-/postcss-8.4.38.tgz",
      "integrity": "sha512-W+mI8FC67yv7+VLV753z4qa4fl5P+K5b222IqG2/4MR325s74uV3gAb3+F4f/e1isw2fS6sF8Kk/x4bL+wApMA==",
      "dev": true,
      "dependencies": {
        "nanoid": "^3.3.7",
        "picocolors": "^1.0.0",
        "source-map-js": "^1.2.0"
      },
      "engines": {
        "node": "^12.0 || ^14.0 || >=16.0"
      },
      "funding": {
        "type": "opencollective",
        "url": "https://opencollective.com/postcss/"
      }
    },
    "node_modules/react": {
      "version": "18.2.0",
      "resolved": "https://registry.npmjs.org/react/-/react-18.2.0.tgz",
      "integrity": "sha512-/3IjMdbBCA51B/zYce54rAEf2YzZ3VBZEGD1ZOlmBCv1uDkC/AlNqmHpd/yQOCdjpkPg2TR1d4bOtc1IeLcLSA==",
      "dependencies": {
        "loose-envify": "^1.1.0"
      },
      "engines": {
        "node": ">=0.10.0"
      }
    },
    "node_modules/react-dom": {
      "version": "18.2.0",
      "resolved": "https://registry.npmjs.org/react-dom/-/react-dom-18.2.0.tgz",
      "integrity": "sha512-6IMs9dvthGj+LPUIWf1H+I7bMcAo3Kza BOWkkkgX03o91z3/u/j3t6pT3iHeKpxE5kOdL1W10r/ClUrL0QW10w==",
      "dependencies": {
        "loose-envify": "^1.1.0",
        "scheduler": "^0.23.0"
      },
      "peerDependencies": {
        "react": "^18.2.0"
      }
    },
    "node_modules/resolve.exports": {
      "version": "2.0.2",
      "resolved": "https://registry.npmjs.org/resolve.exports/-/resolve.exports-2.0.2.tgz",
      "integrity": "sha512-Y11m045NA2F4L+jZuO3m4g7F77aD0v3f3W5vcy2KSKzJstb5jLk8IPh813v5KnQOOvLUTR7/EjGzY4vC5d3K8Q==",
      "dev": true,
      "engines": {
        "node": ">=10"
      },
      "funding": {
        "url": "https://github.com/sponsors/lukeed"
      }
    },
    "node_modules/rollup": {
      "version": "4.14.3",
      "resolved": "https://registry.npmjs.org/rollup/-/rollup-4.14.3.tgz",
      "integrity": "sha512-s/y3+8hA5SloA5gP/2lHQ2oWlc/V28WnD2p/2wVf4z2Y23z4fHMWdKzXbNf1Rz/7C3pNWvV4VzcsFmPqI8wBQ==",
      "dev": true,
      "bin": {
        "rollup": "dist/bin/rollup"
      },
      "engines": {
        "node": ">=18.0.0",
        "npm": ">=8.0.0"
      },
      "optionalDependencies": {
        "fsevents": "~2.3.3"
      }
    },
    "node_modules/scheduler": {
      "version": "0.23.0",
      "resolved": "https://registry.npmjs.org/scheduler/-/scheduler-0.23.0.tgz",
      "integrity": "sha512-CtuThmgVNg7zIZEREBHJKzQTMicI2+TwAcADtdvs7L2Nf23ubMoDiOsvSoE2EVTBEBSRm9aTNPyl6/FChCb6A/Q==",
      "dependencies": {
        "loose-envify": "^1.1.0"
      }
    },
    "node_modules/semver": {
      "version": "6.3.1",
      "resolved": "https://registry.npmjs.org/semver/-/semver-6.3.1.tgz",
      "integrity": "sha512-BR7VvDCVHO+q2xBEWskxS6DJE1qRnb81k+LOKhOMTTv40w5AwdUTu36tyeM2ad0TJBuCo1gD6cG/sbA99vN9fQ==",
      "dev": true,
      "bin": {
        "semver": "bin/semver.js"
      }
    },
    "node_modules/source-map-js": {
      "version": "1.2.0",
      "resolved": "https://registry.npmjs.org/source-map-js/-/source-map-js-1.2.0.tgz",
      "integrity": "sha512-itJW8lvSA0imCmpekQ02GvM1TAVgI5cOF9s4l2iQ2xP0M4h2o+P2wTStk0e/Ahz+s2k6gGk/5Q/2gqS4sW5gA==",
      "dev": true,
      "engines": {
        "node": ">=0.10.0"
      }
    },
    "node_modules/to-fast-properties": {
      "version": "2.0.0",
      "resolved": "https://registry.npmjs.org/to-fast-properties/-/to-fast-properties-2.0.0.tgz",
      "integrity": "sha512-adqgNKBUT29I0L55uA2T3AbA3L/S2WogG2G3vPaH1wELKCk5iS47vNeXCa+e0b04r5/2gC2Luf2A/lX+5aMv8Q==",
      "dev": true,
      "engines": {
        "node": ">=4"
      }
    },
    "node_modules/typescript": {
      "version": "5.4.5",
      "resolved": "https://registry.npmjs.org/typescript/-/typescript-5.4.5.tgz",
      "integrity": "sha512-vcI4UpRgg81oXqd8ENe0Pj2/OR1SoHB0guRqLAqNBrIuDaLryTMdeEoCxgIysL2rvlGGTDczEW9oPAzFbGgN4g==",
      "dev": true,
      "bin": {
        "tsc": "bin/tsc",
        "tsserver": "bin/tsserver"
      },
      "engines": {
        "node": ">=14.17"
      }
    },
    "node_modules/update-browserslist-db": {
      "version": "1.0.13",
      "resolved": "https://registry.npmjs.org/update-browserslist-db/-/update-browserslist-db-1.0.13.tgz",
      "integrity": "sha512-xebPj+mK1fuohB3g1D1N96I5k8wUI/I8gTjVj/vA7wUACo3jTAsyUb5/dF5h5o7/oWpB+T2N/q9yrrY3FQLIEA==",
      "dev": true,
      "funding": [
        {
          "type": "opencollective",
          "url": "https://opencollective.com/browserslist"
        },
        {
          "type": "tidelift",
          "url": "https://tidelift.com/funding/github/npm/caniuse-lite"
        }
      ],
      "dependencies": {
        "picocolors": "^1.0.0"
      },
      "bin": {
        "update-browserslist-db": "cli.js"
      },
      "peerDependencies": {
        "browserslist": ">= 4.21.0"
      }
    },
    "node_modules/vite": {
      "version": "5.0.12",
      "resolved": "https://registry.npmjs.org/vite/-/vite-5.0.12.tgz",
      "integrity": "sha512-L3zO28hGf5YLxMRr/Xdgxgo9N/Te9i5o1wETXOoRbR4fWvWvN2t1g3wAEa8vjX12kyuU4YkQyA6oN+0/wtrvUg==",
      "dev": true,
      "dependencies": {
        "es-module-lexer": "^1.4.1",
        "picocolors": "^1.0.0",
        "postcss": "^8.4.32",
        "resolve.exports": "^2.0.2",
        "rollup": "^4.9.2"
      },
      "bin": {
        "vite": "bin/vite.js"
      },
      "engines": {
        "node": "^18.0.0 || >=20.0.0"
      },
      "funding": {
        "url": "https://github.com/sponsors/yyx990803"
      },
      "optionalDependencies": {
        "fsevents": "~2.3.3"
      },
      "peerDependencies": {
        "@types/node": ">=18.0.0",
        "less": "*",
        "lightningcss": "^1.23.0",
        "sass": "*",
        "stylus": "*",
        "sugarss": "*",
        "terser": ">=5.26.0"
      },
      "peerDependenciesMeta": {
        "@types/node": {
          "optional": true
        },
        "less": {
          "optional": true
        },
        "lightningcss": {
          "optional": true
        },
        "sass": {
          "optional": true
        },
        "stylus": {
          "optional": true
        },
        "sugarss": {
          "optional": true
        },
        "terser": {
          "optional": true
        }
      }
    }
  }
}
